
Microsoft Visual Studio Solution File, Format Version 12.00
# Visual Studio Version 16
VisualStudioVersion = 16.0.31229.75
MinimumVisualStudioVersion = 10.0.40219.1
Project("{FAE04EC0-301F-11D3-BF4B-00C04F79EFBC}") = "SimpleMVC", "SimpleMVC.csproj", "{C033C238-8F84-42E7-882F-F50CE351DFB0}"
EndProject
Global
	GlobalSection(SolutionConfigurationPlatforms) = preSolution
		Debug|Any CPU = Debug|Any CPU
		Release|Any CPU = Release|Any CPU
	EndGlobalSection
	GlobalSection(ProjectConfigurationPlatforms) = postSolution
		{C033C238-8F84-42E7-882F-F50CE351DFB0}.Debug|Any CPU.ActiveCfg = Debug|Any CPU
		{C033C238-8F84-42E7-882F-F50CE351DFB0}.Debug|Any CPU.Build.0 = Debug|Any CPU
		{C033C238-8F84-42E7-882F-F50CE351DFB0}.Release|Any CPU.ActiveCfg = Release|Any CPU
		{C033C238-8F84-42E7-882F-F50CE351DFB0}.Release|Any CPU.Build.0 = Release|Any CPU
	EndGlobalSection
	GlobalSection(SolutionProperties) = preSolution
		HideSolutionNode = FALSE
	EndGlobalSection
	GlobalSection(ExtensibilityGlobals) = postSolution
		SolutionGuid = {5751E60C-3ADE-4D39-9A2B-FA89B40490B7}
	EndGlobalSection
EndGlobal
